// !$*UTF8*$!
{
	archiveVersion = 1;
	classes = {
	};
	objectVersion = 46;
	objects = {

/* Begin PBXBuildFile section */
		B0FB0F4F1BCCDD310044D2EC /* main.c in Sources */ = {isa = PBXBuildFile; fileRef = B0FB0F4E1BCCDD310044D2EC /* main.c */; };
		B0FB0F521BCCDD310044D2EC /* Makefile in Sources */ = {isa = PBXBuildFile; fileRef = B0FB0F511BCCDD310044D2EC /* Makefile */; };
/* End PBXBuildFile section */

/* Begin PBXFileReference section */
		B0FB0F4B1BCCDD310044D2EC /* Index */ = {isa = PBXFileReference; explicitFileType = "compiled.mach-o.executable"; includeInIndex = 0; path = Index; sourceTree = BUILT_PRODUCTS_DIR; };
		B0FB0F4E1BCCDD310044D2EC /* main.c */ = {isa = PBXFileReference; lastKnownFileType = sourcecode.c.c; path = main.c; sourceTree = "<group>"; };
		B0FB0F511BCCDD310044D2EC /* Makefile */ = {isa = PBXFileReference; lastKnownFileType = sourcecode.make; path = Makefile; sourceTree = "<group>"; };
/* End PBXFileReference section */

/* Begin PBXGroup section */
		B0FB0F401BCCDD310044D2EC = {
			isa = PBXGroup;
			children = (
				B0FB0F4D1BCCDD310044D2EC /* UART */,
				B0FB0F4C1BCCDD310044D2EC /* Products */,
			);
			sourceTree = "<group>";
		};
		B0FB0F4C1BCCDD310044D2EC /* Products */ = {
			isa = PBXGroup;
			children = (
				B0FB0F4B1BCCDD310044D2EC /* Index */,
			);
			name = Products;
			sourceTree = "<group>";
		};
		B0FB0F4D1BCCDD310044D2EC /* UART */ = {
			isa = PBXGroup;
			children = (
				B0FB0F4E1BCCDD310044D2EC /* main.c */,
				B0FB0F501BCCDD310044D2EC /* Makefiles */,
			);
			path = UART;
			sourceTree = "<group>";
		};
		B0FB0F501BCCDD310044D2EC /* Makefiles */ = {
			isa = PBXGroup;
			children = (
				B0FB0F511BCCDD310044D2EC /* Makefile */,
			);
			name = Makefiles;
			sourceTree = "<group>";
		};
/* End PBXGroup section */

/* Begin PBXLegacyTarget section */
		B0FB0F451BCCDD310044D2EC /* All */ = {
			isa = PBXLegacyTarget;
			buildArgumentsString = "all -C \"$(PROJECT)\"";
			buildConfigurationList = B0FB0F551BCCDD320044D2EC /* Build configuration list for PBXLegacyTarget "All" */;
			buildPhases = (
			);
			buildToolPath = make;
			dependencies = (
			);
			name = All;
			passBuildSettingsInEnvironment = 1;
			productName = All;
		};
		B0FB0F461BCCDD310044D2EC /* Build */ = {
			isa = PBXLegacyTarget;
			buildArgumentsString = "clean build -C \"$(PROJECT)\"";
			buildConfigurationList = B0FB0F581BCCDD320044D2EC /* Build configuration list for PBXLegacyTarget "Build" */;
			buildPhases = (
			);
			buildToolPath = make;
			dependencies = (
			);
			name = Build;
			passBuildSettingsInEnvironment = 1;
			productName = Build;
		};
		B0FB0F471BCCDD310044D2EC /* Upload */ = {
			isa = PBXLegacyTarget;
			buildArgumentsString = "clean build program -C \"$(PROJECT)\"";
			buildConfigurationList = B0FB0F5B1BCCDD320044D2EC /* Build configuration list for PBXLegacyTarget "Upload" */;
			buildPhases = (
			);
			buildToolPath = make;
			dependencies = (
			);
			name = Upload;
			passBuildSettingsInEnvironment = 1;
			productName = Upload;
		};
		B0FB0F481BCCDD310044D2EC /* Clean */ = {
			isa = PBXLegacyTarget;
			buildArgumentsString = "clean -C \"$(PROJECT)\"";
			buildConfigurationList = B0FB0F5E1BCCDD320044D2EC /* Build configuration list for PBXLegacyTarget "Clean" */;
			buildPhases = (
			);
			buildToolPath = make;
			dependencies = (
			);
			name = Clean;
			passBuildSettingsInEnvironment = 1;
			productName = Clean;
		};
/* End PBXLegacyTarget section */

/* Begin PBXNativeTarget section */
		B0FB0F4A1BCCDD310044D2EC /* Index */ = {
			isa = PBXNativeTarget;
			buildConfigurationList = B0FB0F611BCCDD320044D2EC /* Build configuration list for PBXNativeTarget "Index" */;
			buildPhases = (
				B0FB0F491BCCDD310044D2EC /* Sources */,
			);
			buildRules = (
			);
			dependencies = (
			);
			name = Index;
			productName = Index;
			productReference = B0FB0F4B1BCCDD310044D2EC /* Index */;
			productType = "com.apple.product-type.tool";
		};
/* End PBXNativeTarget section */

/* Begin PBXProject section */
		B0FB0F411BCCDD310044D2EC /* Project object */ = {
			isa = PBXProject;
			attributes = {
				LastUpgradeCheck = 0700;
				ORGANIZATIONNAME = "HTL St. Pölten";
				TargetAttributes = {
					B0FB0F451BCCDD310044D2EC = {
						CreatedOnToolsVersion = 7.0.1;
					};
					B0FB0F461BCCDD310044D2EC = {
						CreatedOnToolsVersion = 7.0.1;
					};
					B0FB0F471BCCDD310044D2EC = {
						CreatedOnToolsVersion = 7.0.1;
					};
					B0FB0F481BCCDD310044D2EC = {
						CreatedOnToolsVersion = 7.0.1;
					};
					B0FB0F4A1BCCDD310044D2EC = {
						CreatedOnToolsVersion = 7.0.1;
					};
				};
			};
			buildConfigurationList = B0FB0F441BCCDD310044D2EC /* Build configuration list for PBXProject "UART" */;
			compatibilityVersion = "Xcode 3.2";
			developmentRegion = English;
			hasScannedForEncodings = 0;
			knownRegions = (
				en,
			);
			mainGroup = B0FB0F401BCCDD310044D2EC;
			productRefGroup = B0FB0F4C1BCCDD310044D2EC /* Products */;
			projectDirPath = "";
			projectRoot = "";
			targets = (
				B0FB0F451BCCDD310044D2EC /* All */,
				B0FB0F461BCCDD310044D2EC /* Build */,
				B0FB0F471BCCDD310044D2EC /* Upload */,
				B0FB0F481BCCDD310044D2EC /* Clean */,
				B0FB0F4A1BCCDD310044D2EC /* Index */,
			);
		};
/* End PBXProject section */

/* Begin PBXSourcesBuildPhase section */
		B0FB0F491BCCDD310044D2EC /* Sources */ = {
			isa = PBXSourcesBuildPhase;
			buildActionMask = 2147483647;
			files = (
				B0FB0F521BCCDD310044D2EC /* Makefile in Sources */,
				B0FB0F4F1BCCDD310044D2EC /* main.c in Sources */,
			);
			runOnlyForDeploymentPostprocessing = 0;
		};
/* End PBXSourcesBuildPhase section */

/* Begin XCBuildConfiguration section */
		B0FB0F531BCCDD310044D2EC /* Debug */ = {
			isa = XCBuildConfiguration;
			buildSettings = {
				ALWAYS_SEARCH_USER_PATHS = NO;
				CLANG_CXX_LANGUAGE_STANDARD = "gnu++0x";
				CLANG_CXX_LIBRARY = "libc++";
				CLANG_ENABLE_MODULES = YES;
				CLANG_ENABLE_OBJC_ARC = YES;
				CLANG_WARN_BOOL_CONVERSION = YES;
				CLANG_WARN_CONSTANT_CONVERSION = YES;
				CLANG_WARN_DIRECT_OBJC_ISA_USAGE = YES_ERROR;
				CLANG_WARN_EMPTY_BODY = YES;
				CLANG_WARN_ENUM_CONVERSION = YES;
				CLANG_WARN_INT_CONVERSION = YES;
				CLANG_WARN_OBJC_ROOT_CLASS = YES_ERROR;
				CLANG_WARN_UNREACHABLE_CODE = YES;
				CLANG_WARN__DUPLICATE_METHOD_MATCH = YES;
				COPY_PHASE_STRIP = NO;
				DEBUG_INFORMATION_FORMAT = dwarf;
				ENABLE_STRICT_OBJC_MSGSEND = YES;
				ENABLE_TESTABILITY = YES;
				GCC_C_LANGUAGE_STANDARD = gnu99;
				GCC_DYNAMIC_NO_PIC = NO;
				GCC_NO_COMMON_BLOCKS = YES;
				GCC_OPTIMIZATION_LEVEL = 0;
				GCC_PREPROCESSOR_DEFINITIONS = (
					"DEBUG=1,",
					"__AVR_ATmega32U4__,",
					"F_CPU=16000000",
				);
				GCC_WARN_64_TO_32_BIT_CONVERSION = YES;
				GCC_WARN_ABOUT_RETURN_TYPE = YES_ERROR;
				GCC_WARN_UNDECLARED_SELECTOR = YES;
				GCC_WARN_UNINITIALIZED_AUTOS = YES_AGGRESSIVE;
				GCC_WARN_UNUSED_FUNCTION = YES;
				GCC_WARN_UNUSED_VARIABLE = YES;
				HEADER_SEARCH_PATHS = (
					"/usr/local/CrossPack-AVR-20131216/lib/gcc/avr/4.8.1/include",
					"/usr/local/CrossPack-AVR-20131216/lib/gcc/avr/4.8.1/include-fixed",
					"/usr/local/CrossPack-AVR-20131216/avr/include",
				);
				MTL_ENABLE_DEBUG_INFO = YES;
				ONLY_ACTIVE_ARCH = YES;
				PATH = "$(PATH):$(PROJECT_DIR)";
				PRODUCT_NAME = "$(TARGET_NAME)";
			};
			name = Debug;
		};
		B0FB0F541BCCDD310044D2EC /* Release */ = {
			isa = XCBuildConfiguration;
			buildSettings = {
				ALWAYS_SEARCH_USER_PATHS = NO;
				CLANG_CXX_LANGUAGE_STANDARD = "gnu++0x";
				CLANG_CXX_LIBRARY = "libc++";
				CLANG_ENABLE_MODULES = YES;
				CLANG_ENABLE_OBJC_ARC = YES;
				CLANG_WARN_BOOL_CONVERSION = YES;
				CLANG_WARN_CONSTANT_CONVERSION = YES;
				CLANG_WARN_DIRECT_OBJC_ISA_USAGE = YES_ERROR;
				CLANG_WARN_EMPTY_BODY = YES;
				CLANG_WARN_ENUM_CONVERSION = YES;
				CLANG_WARN_INT_CONVERSION = YES;
				CLANG_WARN_OBJC_ROOT_CLASS = YES_ERROR;
				CLANG_WARN_UNREACHABLE_CODE = YES;
				CLANG_WARN__DUPLICATE_METHOD_MATCH = YES;
				COPY_PHASE_STRIP = NO;
				DEBUG_INFORMATION_FORMAT = "dwarf-with-dsym";
				ENABLE_NS_ASSERTIONS = NO;
				ENABLE_STRICT_OBJC_MSGSEND = YES;
				GCC_C_LANGUAGE_STANDARD = gnu99;
				GCC_NO_COMMON_BLOCKS = YES;
				GCC_PREPROCESSOR_DEFINITIONS = (
					"__AVR_ATmega32U4__,",
					"F_CPU=16000000",
				);
				GCC_WARN_64_TO_32_BIT_CONVERSION = YES;
				GCC_WARN_ABOUT_RETURN_TYPE = YES_ERROR;
				GCC_WARN_UNDECLARED_SELECTOR = YES;
				GCC_WARN_UNINITIALIZED_AUTOS = YES_AGGRESSIVE;
				GCC_WARN_UNUSED_FUNCTION = YES;
				GCC_WARN_UNUSED_VARIABLE = YES;
				HEADER_SEARCH_PATHS = (
					"/usr/local/CrossPack-AVR-20131216/lib/gcc/avr/4.8.1/include",
					"/usr/local/CrossPack-AVR-20131216/lib/gcc/avr/4.8.1/include-fixed",
					"/usr/local/CrossPack-AVR-20131216/avr/include",
				);
				MTL_ENABLE_DEBUG_INFO = NO;
				PATH = "$(PATH):$(PROJECT_DIR)";
				PRODUCT_NAME = "$(TARGET_NAME)";
			};
			name = Release;
		};
		B0FB0F561BCCDD320044D2EC /* Debug */ = {
			isa = XCBuildConfiguration;
			buildSettings = {
				PRODUCT_NAME = "$(TARGET_NAME)";
			};
			name = Debug;
		};
		B0FB0F571BCCDD320044D2EC /* Release */ = {
			isa = XCBuildConfiguration;
			buildSettings = {
				PRODUCT_NAME = "$(TARGET_NAME)";
			};
			name = Release;
		};
		B0FB0F591BCCDD320044D2EC /* Debug */ = {
			isa = XCBuildConfiguration;
			buildSettings = {
			};
			name = Debug;
		};
		B0FB0F5A1BCCDD320044D2EC /* Release */ = {
			isa = XCBuildConfiguration;
			buildSettings = {
			};
			name = Release;
		};
		B0FB0F5C1BCCDD320044D2EC /* Debug */ = {
			isa = XCBuildConfiguration;
			buildSettings = {
			};
			name = Debug;
		};
		B0FB0F5D1BCCDD320044D2EC /* Release */ = {
			isa = XCBuildConfiguration;
			buildSettings = {
			};
			name = Release;
		};
		B0FB0F5F1BCCDD320044D2EC /* Debug */ = {
			isa = XCBuildConfiguration;
			buildSettings = {
			};
			name = Debug;
		};
		B0FB0F601BCCDD320044D2EC /* Release */ = {
			isa = XCBuildConfiguration;
			buildSettings = {
			};
			name = Release;
		};
		B0FB0F621BCCDD320044D2EC /* Debug */ = {
			isa = XCBuildConfiguration;
			buildSettings = {
			};
			name = Debug;
		};
		B0FB0F631BCCDD320044D2EC /* Release */ = {
			isa = XCBuildConfiguration;
			buildSettings = {
			};
			name = Release;
		};
/* End XCBuildConfiguration section */

/* Begin XCConfigurationList section */
		B0FB0F441BCCDD310044D2EC /* Build configuration list for PBXProject "UART" */ = {
			isa = XCConfigurationList;
			buildConfigurations = (
				B0FB0F531BCCDD310044D2EC /* Debug */,
				B0FB0F541BCCDD310044D2EC /* Release */,
			);
			defaultConfigurationIsVisible = 0;
			defaultConfigurationName = Release;
		};
		B0FB0F551BCCDD320044D2EC /* Build configuration list for PBXLegacyTarget "All" */ = {
			isa = XCConfigurationList;
			buildConfigurations = (
				B0FB0F561BCCDD320044D2EC /* Debug */,
				B0FB0F571BCCDD320044D2EC /* Release */,
			);
			defaultConfigurationIsVisible = 0;
		};
		B0FB0F581BCCDD320044D2EC /* Build configuration list for PBXLegacyTarget "Build" */ = {
			isa = XCConfigurationList;
			buildConfigurations = (
				B0FB0F591BCCDD320044D2EC /* Debug */,
				B0FB0F5A1BCCDD320044D2EC /* Release */,
			);
			defaultConfigurationIsVisible = 0;
		};
		B0FB0F5B1BCCDD320044D2EC /* Build configuration list for PBXLegacyTarget "Upload" */ = {
			isa = XCConfigurationList;
			buildConfigurations = (
				B0FB0F5C1BCCDD320044D2EC /* Debug */,
				B0FB0F5D1BCCDD320044D2EC /* Release */,
			);
			defaultConfigurationIsVisible = 0;
		};
		B0FB0F5E1BCCDD320044D2EC /* Build configuration list for PBXLegacyTarget "Clean" */ = {
			isa = XCConfigurationList;
			buildConfigurations = (
				B0FB0F5F1BCCDD320044D2EC /* Debug */,
				B0FB0F601BCCDD320044D2EC /* Release */,
			);
			defaultConfigurationIsVisible = 0;
		};
		B0FB0F611BCCDD320044D2EC /* Build configuration list for PBXNativeTarget "Index" */ = {
			isa = XCConfigurationList;
			buildConfigurations = (
				B0FB0F621BCCDD320044D2EC /* Debug */,
				B0FB0F631BCCDD320044D2EC /* Release */,
			);
			defaultConfigurationIsVisible = 0;
		};
/* End XCConfigurationList section */
	};
	rootObject = B0FB0F411BCCDD310044D2EC /* Project object */;
}
